
Microsoft Visual Studio Solution File, Format Version 12.00
# Visual Studio 15
VisualStudioVersion = 15.0.28307.645
MinimumVisualStudioVersion = 10.0.40219.1
Project("{FAE04EC0-301F-11D3-BF4B-00C04F79EFBC}") = "JJDirectLineBot", "JJDirectLineBot\JJDirectLineBot.csproj", "{BDC4F8D8-1AE7-4DDC-B97A-7F78CF636F56}"
EndProject
Global
	GlobalSection(SolutionConfigurationPlatforms) = preSolution
		Debug|Any CPU = Debug|Any CPU
		Release|Any CPU = Release|Any CPU
	EndGlobalSection
	GlobalSection(ProjectConfigurationPlatforms) = postSolution
		{BDC4F8D8-1AE7-4DDC-B97A-7F78CF636F56}.Debug|Any CPU.ActiveCfg = Debug|Any CPU
		{BDC4F8D8-1AE7-4DDC-B97A-7F78CF636F56}.Debug|Any CPU.Build.0 = Debug|Any CPU
		{BDC4F8D8-1AE7-4DDC-B97A-7F78CF636F56}.Release|Any CPU.ActiveCfg = Release|Any CPU
		{BDC4F8D8-1AE7-4DDC-B97A-7F78CF636F56}.Release|Any CPU.Build.0 = Release|Any CPU
	EndGlobalSection
	GlobalSection(SolutionProperties) = preSolution
		HideSolutionNode = FALSE
	EndGlobalSection
	GlobalSection(ExtensibilityGlobals) = postSolution
		SolutionGuid = {57657FAD-DAA4-4502-A8F4-B3F2E3B8AA3B}
	EndGlobalSection
EndGlobal
